
Microsoft Visual Studio Solution File, Format Version 12.00
# Visual Studio 2012
Project("{FAE04EC0-301F-11D3-BF4B-00C04F79EFBC}") = "StudentOrganisationApp", "StudentOrganisationApp\StudentOrganisationApp.csproj", "{76534D55-7D09-4F2E-8E13-BC35188CB7F2}"
EndProject
Global
	GlobalSection(SolutionConfigurationPlatforms) = preSolution
		Debug|Any CPU = Debug|Any CPU
		Development|Any CPU = Development|Any CPU
		Live|Any CPU = Live|Any CPU
		Release|Any CPU = Release|Any CPU
	EndGlobalSection
	GlobalSection(ProjectConfigurationPlatforms) = postSolution
		{76534D55-7D09-4F2E-8E13-BC35188CB7F2}.Debug|Any CPU.ActiveCfg = Debug|Any CPU
		{76534D55-7D09-4F2E-8E13-BC35188CB7F2}.Debug|Any CPU.Build.0 = Debug|Any CPU
		{76534D55-7D09-4F2E-8E13-BC35188CB7F2}.Development|Any CPU.ActiveCfg = Development|Any CPU
		{76534D55-7D09-4F2E-8E13-BC35188CB7F2}.Development|Any CPU.Build.0 = Development|Any CPU
		{76534D55-7D09-4F2E-8E13-BC35188CB7F2}.Live|Any CPU.ActiveCfg = Live|Any CPU
		{76534D55-7D09-4F2E-8E13-BC35188CB7F2}.Live|Any CPU.Build.0 = Live|Any CPU
		{76534D55-7D09-4F2E-8E13-BC35188CB7F2}.Release|Any CPU.ActiveCfg = Release|Any CPU
		{76534D55-7D09-4F2E-8E13-BC35188CB7F2}.Release|Any CPU.Build.0 = Release|Any CPU
	EndGlobalSection
	GlobalSection(SolutionProperties) = preSolution
		HideSolutionNode = FALSE
	EndGlobalSection
EndGlobal
